
Microsoft Visual Studio Solution File, Format Version 12.00
# Visual Studio Version 17
VisualStudioVersion = 17.0.32112.339
MinimumVisualStudioVersion = 10.0.40219.1
Project("{9A19103F-16F7-4668-BE54-9A1E7A4F7556}") = "FallDamage", "FallDamage\FallDamage.csproj", "{91AF0296-C900-4540-A3C7-F922F78CB2EA}"
EndProject
Project("{9A19103F-16F7-4668-BE54-9A1E7A4F7556}") = "AedenthornUtils", "AedenthornUtils\AedenthornUtils.csproj", "{083FB172-5F74-4512-97EB-5979928EAB0F}"
EndProject
Project("{9A19103F-16F7-4668-BE54-9A1E7A4F7556}") = "RemoteStorageAccess", "RemoteStorageAccess\RemoteStorageAccess.csproj", "{B61E4880-9A14-4614-BB53-E566DCD972A3}"
EndProject
Project("{9A19103F-16F7-4668-BE54-9A1E7A4F7556}") = "QuickStore", "QuickStore\QuickStore.csproj", "{B628436F-DFE2-454C-9610-BC52FC93E05B}"
EndProject
Project("{9A19103F-16F7-4668-BE54-9A1E7A4F7556}") = "CraftFromContainers", "CraftFromContainers\CraftFromContainers.csproj", "{55BF4D52-BC16-4876-936F-A1C97C47AE8D}"
EndProject
Project("{9A19103F-16F7-4668-BE54-9A1E7A4F7556}") = "SpawnTrader", "SpawnTrader\SpawnTrader.csproj", "{909765E1-39D5-47C4-8BF0-079AEEDCFE29}"
EndProject
Project("{9A19103F-16F7-4668-BE54-9A1E7A4F7556}") = "ShowRemainingToClear", "ShowRemainingToClear\ShowRemainingToClear.csproj", "{40747578-7FA5-4A5C-8F61-2928664B6E34}"
EndProject
Project("{9A19103F-16F7-4668-BE54-9A1E7A4F7556}") = "PickLockedDoors", "PickLockedDoors\PickLockedDoors.csproj", "{CC60AC8A-6CD2-42A1-A766-19EE1BC420EB}"
EndProject
Project("{9A19103F-16F7-4668-BE54-9A1E7A4F7556}") = "PickupBlocks", "PickupBlocks\PickupBlocks.csproj", "{364AC674-718B-4597-8981-A03FE5A8D67A}"
EndProject
Project("{9A19103F-16F7-4668-BE54-9A1E7A4F7556}") = "AnimalTaming", "AnimalTaming\AnimalTaming.csproj", "{2B22D09C-2BA7-4B18-8280-D70005EE215C}"
EndProject
Project("{FAE04EC0-301F-11D3-BF4B-00C04F79EFBC}") = "MapTeleport", "MapTeleport\MapTeleport.csproj", "{D327F7A6-E051-477D-8CB2-AB692F85809E}"
EndProject
Project("{FAE04EC0-301F-11D3-BF4B-00C04F79EFBC}") = "UnrestrictedTraderAccess", "TradersAlwaysOpen\UnrestrictedTraderAccess.csproj", "{25E45036-BA11-4787-AFAA-7C188561FA74}"
EndProject
Project("{FAE04EC0-301F-11D3-BF4B-00C04F79EFBC}") = "AdvancedCruiseControl", "AdvancedCruiseControl\AdvancedCruiseControl.csproj", "{0D7BD272-698F-4CF0-9BB5-68D300A3124D}"
EndProject
Project("{FAE04EC0-301F-11D3-BF4B-00C04F79EFBC}") = "CustomStackLimits", "CustomStackLimt\CustomStackLimits.csproj", "{91E4198C-2375-4C2D-AF48-B97FDAF67081}"
EndProject
Project("{FAE04EC0-301F-11D3-BF4B-00C04F79EFBC}") = "QuickHarvest", "QuickHarvest\QuickHarvest.csproj", "{79CDF2E8-0DD7-44FE-93D6-434D662F379F}"
EndProject
Project("{FAE04EC0-301F-11D3-BF4B-00C04F79EFBC}") = "RecipeStatsTab", "RecipeStatsTab\RecipeStatsTab.csproj", "{56BC33D8-5D7C-4565-8C36-9EF7A7142D33}"
EndProject
Project("{FAE04EC0-301F-11D3-BF4B-00C04F79EFBC}") = "MiscFixes", "MiscFixes\MiscFixes.csproj", "{3B24E998-A2F8-4E5F-987B-2B6D619D427E}"
EndProject
Project("{FAE04EC0-301F-11D3-BF4B-00C04F79EFBC}") = "StabilityTweaks", "StabilityTweaks\StabilityTweaks.csproj", "{1AE9E488-E375-4294-AAFC-C0D79D63758D}"
EndProject
Project("{FAE04EC0-301F-11D3-BF4B-00C04F79EFBC}") = "ToggleHoldingItem", "ToggleHoldingItem\ToggleHoldingItem.csproj", "{E8F91703-9840-4A64-8976-0C5F24B9D2B5}"
EndProject
Project("{FAE04EC0-301F-11D3-BF4B-00C04F79EFBC}") = "VehicleRadio", "VehicleRadio\VehicleRadio.csproj", "{DD693099-E2A2-423D-B4E8-D154869E9A10}"
EndProject
Project("{FAE04EC0-301F-11D3-BF4B-00C04F79EFBC}") = "DewCollectorTweaks", "DewCollectorTweaks\DewCollectorTweaks.csproj", "{34D27A2D-FD15-4BA8-A1D6-D759D3BD1B4A}"
EndProject
Project("{FAE04EC0-301F-11D3-BF4B-00C04F79EFBC}") = "KillNotification", "KillNotification\KillNotification.csproj", "{0CE24CD2-71A4-4129-86AD-64F11789FB80}"
EndProject
Project("{FAE04EC0-301F-11D3-BF4B-00C04F79EFBC}") = "ShowRepairRequirements", "ShowRepairRequirements\ShowRepairRequirements.csproj", "{DB9B79AB-FB41-45FC-B23A-D80F8C1AD199}"
EndProject
Project("{FAE04EC0-301F-11D3-BF4B-00C04F79EFBC}") = "ClearQuestDebug", "ClearQuestDebug\ClearQuestDebug.csproj", "{49F0BA37-64A3-402C-8521-57E067FDFFD7}"
EndProject
Project("{FAE04EC0-301F-11D3-BF4B-00C04F79EFBC}") = "PreserveFallenBlocks", "PreserveFallenBlocks\PreserveFallenBlocks.csproj", "{D46863A0-845F-465E-A1A7-63F02466B13D}"
EndProject
Project("{FAE04EC0-301F-11D3-BF4B-00C04F79EFBC}") = "NaturalProgression", "NaturalProgression\NaturalProgression.csproj", "{8F841A95-0AD6-45EC-80E5-F00B304260EE}"
EndProject
Project("{FAE04EC0-301F-11D3-BF4B-00C04F79EFBC}") = "WorldReadyChime", "WorldReadyChime\WorldReadyChime.csproj", "{5247BABD-0392-49EC-B998-FFC10713FA40}"
EndProject
Project("{FAE04EC0-301F-11D3-BF4B-00C04F79EFBC}") = "DisableSaving", "DisableSaving\DisableSaving.csproj", "{952DFA3A-B191-4689-8596-C058ABA7B040}"
EndProject
Global
	GlobalSection(SolutionConfigurationPlatforms) = preSolution
		Debug|Any CPU = Debug|Any CPU
		Release|Any CPU = Release|Any CPU
	EndGlobalSection
	GlobalSection(ProjectConfigurationPlatforms) = postSolution
		{91AF0296-C900-4540-A3C7-F922F78CB2EA}.Debug|Any CPU.ActiveCfg = Debug|Any CPU
		{91AF0296-C900-4540-A3C7-F922F78CB2EA}.Debug|Any CPU.Build.0 = Debug|Any CPU
		{91AF0296-C900-4540-A3C7-F922F78CB2EA}.Release|Any CPU.ActiveCfg = Release|Any CPU
		{91AF0296-C900-4540-A3C7-F922F78CB2EA}.Release|Any CPU.Build.0 = Release|Any CPU
		{083FB172-5F74-4512-97EB-5979928EAB0F}.Debug|Any CPU.ActiveCfg = Debug|Any CPU
		{083FB172-5F74-4512-97EB-5979928EAB0F}.Debug|Any CPU.Build.0 = Debug|Any CPU
		{083FB172-5F74-4512-97EB-5979928EAB0F}.Release|Any CPU.ActiveCfg = Release|Any CPU
		{083FB172-5F74-4512-97EB-5979928EAB0F}.Release|Any CPU.Build.0 = Release|Any CPU
		{B61E4880-9A14-4614-BB53-E566DCD972A3}.Debug|Any CPU.ActiveCfg = Debug|Any CPU
		{B61E4880-9A14-4614-BB53-E566DCD972A3}.Debug|Any CPU.Build.0 = Debug|Any CPU
		{B61E4880-9A14-4614-BB53-E566DCD972A3}.Release|Any CPU.ActiveCfg = Release|Any CPU
		{B61E4880-9A14-4614-BB53-E566DCD972A3}.Release|Any CPU.Build.0 = Release|Any CPU
		{B628436F-DFE2-454C-9610-BC52FC93E05B}.Debug|Any CPU.ActiveCfg = Debug|Any CPU
		{B628436F-DFE2-454C-9610-BC52FC93E05B}.Debug|Any CPU.Build.0 = Debug|Any CPU
		{B628436F-DFE2-454C-9610-BC52FC93E05B}.Release|Any CPU.ActiveCfg = Release|Any CPU
		{B628436F-DFE2-454C-9610-BC52FC93E05B}.Release|Any CPU.Build.0 = Release|Any CPU
		{55BF4D52-BC16-4876-936F-A1C97C47AE8D}.Debug|Any CPU.ActiveCfg = Debug|Any CPU
		{55BF4D52-BC16-4876-936F-A1C97C47AE8D}.Debug|Any CPU.Build.0 = Debug|Any CPU
		{55BF4D52-BC16-4876-936F-A1C97C47AE8D}.Release|Any CPU.ActiveCfg = Release|Any CPU
		{55BF4D52-BC16-4876-936F-A1C97C47AE8D}.Release|Any CPU.Build.0 = Release|Any CPU
		{909765E1-39D5-47C4-8BF0-079AEEDCFE29}.Debug|Any CPU.ActiveCfg = Debug|Any CPU
		{909765E1-39D5-47C4-8BF0-079AEEDCFE29}.Debug|Any CPU.Build.0 = Debug|Any CPU
		{909765E1-39D5-47C4-8BF0-079AEEDCFE29}.Release|Any CPU.ActiveCfg = Release|Any CPU
		{909765E1-39D5-47C4-8BF0-079AEEDCFE29}.Release|Any CPU.Build.0 = Release|Any CPU
		{40747578-7FA5-4A5C-8F61-2928664B6E34}.Debug|Any CPU.ActiveCfg = Debug|Any CPU
		{40747578-7FA5-4A5C-8F61-2928664B6E34}.Debug|Any CPU.Build.0 = Debug|Any CPU
		{40747578-7FA5-4A5C-8F61-2928664B6E34}.Release|Any CPU.ActiveCfg = Release|Any CPU
		{40747578-7FA5-4A5C-8F61-2928664B6E34}.Release|Any CPU.Build.0 = Release|Any CPU
		{CC60AC8A-6CD2-42A1-A766-19EE1BC420EB}.Debug|Any CPU.ActiveCfg = Debug|Any CPU
		{CC60AC8A-6CD2-42A1-A766-19EE1BC420EB}.Debug|Any CPU.Build.0 = Debug|Any CPU
		{CC60AC8A-6CD2-42A1-A766-19EE1BC420EB}.Release|Any CPU.ActiveCfg = Release|Any CPU
		{CC60AC8A-6CD2-42A1-A766-19EE1BC420EB}.Release|Any CPU.Build.0 = Release|Any CPU
		{364AC674-718B-4597-8981-A03FE5A8D67A}.Debug|Any CPU.ActiveCfg = Debug|Any CPU
		{364AC674-718B-4597-8981-A03FE5A8D67A}.Debug|Any CPU.Build.0 = Debug|Any CPU
		{364AC674-718B-4597-8981-A03FE5A8D67A}.Release|Any CPU.ActiveCfg = Release|Any CPU
		{364AC674-718B-4597-8981-A03FE5A8D67A}.Release|Any CPU.Build.0 = Release|Any CPU
		{2B22D09C-2BA7-4B18-8280-D70005EE215C}.Debug|Any CPU.ActiveCfg = Debug|Any CPU
		{2B22D09C-2BA7-4B18-8280-D70005EE215C}.Debug|Any CPU.Build.0 = Debug|Any CPU
		{2B22D09C-2BA7-4B18-8280-D70005EE215C}.Release|Any CPU.ActiveCfg = Release|Any CPU
		{2B22D09C-2BA7-4B18-8280-D70005EE215C}.Release|Any CPU.Build.0 = Release|Any CPU
		{D327F7A6-E051-477D-8CB2-AB692F85809E}.Debug|Any CPU.ActiveCfg = Debug|Any CPU
		{D327F7A6-E051-477D-8CB2-AB692F85809E}.Debug|Any CPU.Build.0 = Debug|Any CPU
		{D327F7A6-E051-477D-8CB2-AB692F85809E}.Release|Any CPU.ActiveCfg = Release|Any CPU
		{D327F7A6-E051-477D-8CB2-AB692F85809E}.Release|Any CPU.Build.0 = Release|Any CPU
		{25E45036-BA11-4787-AFAA-7C188561FA74}.Debug|Any CPU.ActiveCfg = Debug|Any CPU
		{25E45036-BA11-4787-AFAA-7C188561FA74}.Debug|Any CPU.Build.0 = Debug|Any CPU
		{25E45036-BA11-4787-AFAA-7C188561FA74}.Release|Any CPU.ActiveCfg = Release|Any CPU
		{25E45036-BA11-4787-AFAA-7C188561FA74}.Release|Any CPU.Build.0 = Release|Any CPU
		{0D7BD272-698F-4CF0-9BB5-68D300A3124D}.Debug|Any CPU.ActiveCfg = Debug|Any CPU
		{0D7BD272-698F-4CF0-9BB5-68D300A3124D}.Debug|Any CPU.Build.0 = Debug|Any CPU
		{0D7BD272-698F-4CF0-9BB5-68D300A3124D}.Release|Any CPU.ActiveCfg = Release|Any CPU
		{0D7BD272-698F-4CF0-9BB5-68D300A3124D}.Release|Any CPU.Build.0 = Release|Any CPU
		{91E4198C-2375-4C2D-AF48-B97FDAF67081}.Debug|Any CPU.ActiveCfg = Debug|Any CPU
		{91E4198C-2375-4C2D-AF48-B97FDAF67081}.Debug|Any CPU.Build.0 = Debug|Any CPU
		{91E4198C-2375-4C2D-AF48-B97FDAF67081}.Release|Any CPU.ActiveCfg = Release|Any CPU
		{91E4198C-2375-4C2D-AF48-B97FDAF67081}.Release|Any CPU.Build.0 = Release|Any CPU
		{79CDF2E8-0DD7-44FE-93D6-434D662F379F}.Debug|Any CPU.ActiveCfg = Debug|Any CPU
		{79CDF2E8-0DD7-44FE-93D6-434D662F379F}.Debug|Any CPU.Build.0 = Debug|Any CPU
		{79CDF2E8-0DD7-44FE-93D6-434D662F379F}.Release|Any CPU.ActiveCfg = Release|Any CPU
		{79CDF2E8-0DD7-44FE-93D6-434D662F379F}.Release|Any CPU.Build.0 = Release|Any CPU
		{56BC33D8-5D7C-4565-8C36-9EF7A7142D33}.Debug|Any CPU.ActiveCfg = Debug|Any CPU
		{56BC33D8-5D7C-4565-8C36-9EF7A7142D33}.Debug|Any CPU.Build.0 = Debug|Any CPU
		{56BC33D8-5D7C-4565-8C36-9EF7A7142D33}.Release|Any CPU.ActiveCfg = Release|Any CPU
		{56BC33D8-5D7C-4565-8C36-9EF7A7142D33}.Release|Any CPU.Build.0 = Release|Any CPU
		{3B24E998-A2F8-4E5F-987B-2B6D619D427E}.Debug|Any CPU.ActiveCfg = Debug|Any CPU
		{3B24E998-A2F8-4E5F-987B-2B6D619D427E}.Debug|Any CPU.Build.0 = Debug|Any CPU
		{3B24E998-A2F8-4E5F-987B-2B6D619D427E}.Release|Any CPU.ActiveCfg = Release|Any CPU
		{3B24E998-A2F8-4E5F-987B-2B6D619D427E}.Release|Any CPU.Build.0 = Release|Any CPU
		{1AE9E488-E375-4294-AAFC-C0D79D63758D}.Debug|Any CPU.ActiveCfg = Debug|Any CPU
		{1AE9E488-E375-4294-AAFC-C0D79D63758D}.Debug|Any CPU.Build.0 = Debug|Any CPU
		{1AE9E488-E375-4294-AAFC-C0D79D63758D}.Release|Any CPU.ActiveCfg = Release|Any CPU
		{1AE9E488-E375-4294-AAFC-C0D79D63758D}.Release|Any CPU.Build.0 = Release|Any CPU
		{E8F91703-9840-4A64-8976-0C5F24B9D2B5}.Debug|Any CPU.ActiveCfg = Debug|Any CPU
		{E8F91703-9840-4A64-8976-0C5F24B9D2B5}.Debug|Any CPU.Build.0 = Debug|Any CPU
		{E8F91703-9840-4A64-8976-0C5F24B9D2B5}.Release|Any CPU.ActiveCfg = Release|Any CPU
		{E8F91703-9840-4A64-8976-0C5F24B9D2B5}.Release|Any CPU.Build.0 = Release|Any CPU
		{DD693099-E2A2-423D-B4E8-D154869E9A10}.Debug|Any CPU.ActiveCfg = Debug|Any CPU
		{DD693099-E2A2-423D-B4E8-D154869E9A10}.Debug|Any CPU.Build.0 = Debug|Any CPU
		{DD693099-E2A2-423D-B4E8-D154869E9A10}.Release|Any CPU.ActiveCfg = Release|Any CPU
		{DD693099-E2A2-423D-B4E8-D154869E9A10}.Release|Any CPU.Build.0 = Release|Any CPU
		{34D27A2D-FD15-4BA8-A1D6-D759D3BD1B4A}.Debug|Any CPU.ActiveCfg = Debug|Any CPU
		{34D27A2D-FD15-4BA8-A1D6-D759D3BD1B4A}.Debug|Any CPU.Build.0 = Debug|Any CPU
		{34D27A2D-FD15-4BA8-A1D6-D759D3BD1B4A}.Release|Any CPU.ActiveCfg = Release|Any CPU
		{34D27A2D-FD15-4BA8-A1D6-D759D3BD1B4A}.Release|Any CPU.Build.0 = Release|Any CPU
		{0CE24CD2-71A4-4129-86AD-64F11789FB80}.Debug|Any CPU.ActiveCfg = Debug|Any CPU
		{0CE24CD2-71A4-4129-86AD-64F11789FB80}.Debug|Any CPU.Build.0 = Debug|Any CPU
		{0CE24CD2-71A4-4129-86AD-64F11789FB80}.Release|Any CPU.ActiveCfg = Release|Any CPU
		{0CE24CD2-71A4-4129-86AD-64F11789FB80}.Release|Any CPU.Build.0 = Release|Any CPU
		{DB9B79AB-FB41-45FC-B23A-D80F8C1AD199}.Debug|Any CPU.ActiveCfg = Debug|Any CPU
		{DB9B79AB-FB41-45FC-B23A-D80F8C1AD199}.Debug|Any CPU.Build.0 = Debug|Any CPU
		{DB9B79AB-FB41-45FC-B23A-D80F8C1AD199}.Release|Any CPU.ActiveCfg = Release|Any CPU
		{DB9B79AB-FB41-45FC-B23A-D80F8C1AD199}.Release|Any CPU.Build.0 = Release|Any CPU
		{49F0BA37-64A3-402C-8521-57E067FDFFD7}.Debug|Any CPU.ActiveCfg = Debug|Any CPU
		{49F0BA37-64A3-402C-8521-57E067FDFFD7}.Debug|Any CPU.Build.0 = Debug|Any CPU
		{49F0BA37-64A3-402C-8521-57E067FDFFD7}.Release|Any CPU.ActiveCfg = Release|Any CPU
		{49F0BA37-64A3-402C-8521-57E067FDFFD7}.Release|Any CPU.Build.0 = Release|Any CPU
		{D46863A0-845F-465E-A1A7-63F02466B13D}.Debug|Any CPU.ActiveCfg = Debug|Any CPU
		{D46863A0-845F-465E-A1A7-63F02466B13D}.Debug|Any CPU.Build.0 = Debug|Any CPU
		{D46863A0-845F-465E-A1A7-63F02466B13D}.Release|Any CPU.ActiveCfg = Release|Any CPU
		{D46863A0-845F-465E-A1A7-63F02466B13D}.Release|Any CPU.Build.0 = Release|Any CPU
		{8F841A95-0AD6-45EC-80E5-F00B304260EE}.Debug|Any CPU.ActiveCfg = Debug|Any CPU
		{8F841A95-0AD6-45EC-80E5-F00B304260EE}.Debug|Any CPU.Build.0 = Debug|Any CPU
		{8F841A95-0AD6-45EC-80E5-F00B304260EE}.Release|Any CPU.ActiveCfg = Release|Any CPU
		{8F841A95-0AD6-45EC-80E5-F00B304260EE}.Release|Any CPU.Build.0 = Release|Any CPU
		{5247BABD-0392-49EC-B998-FFC10713FA40}.Debug|Any CPU.ActiveCfg = Debug|Any CPU
		{5247BABD-0392-49EC-B998-FFC10713FA40}.Debug|Any CPU.Build.0 = Debug|Any CPU
		{5247BABD-0392-49EC-B998-FFC10713FA40}.Release|Any CPU.ActiveCfg = Release|Any CPU
		{5247BABD-0392-49EC-B998-FFC10713FA40}.Release|Any CPU.Build.0 = Release|Any CPU
		{952DFA3A-B191-4689-8596-C058ABA7B040}.Debug|Any CPU.ActiveCfg = Debug|Any CPU
		{952DFA3A-B191-4689-8596-C058ABA7B040}.Debug|Any CPU.Build.0 = Debug|Any CPU
		{952DFA3A-B191-4689-8596-C058ABA7B040}.Release|Any CPU.ActiveCfg = Release|Any CPU
		{952DFA3A-B191-4689-8596-C058ABA7B040}.Release|Any CPU.Build.0 = Release|Any CPU
	EndGlobalSection
	GlobalSection(SolutionProperties) = preSolution
		HideSolutionNode = FALSE
	EndGlobalSection
	GlobalSection(ExtensibilityGlobals) = postSolution
		SolutionGuid = {8F5C7CC5-6D37-4EA0-A1EE-A1F5C8B20715}
	EndGlobalSection
EndGlobal
